
Microsoft Visual Studio Solution File, Format Version 12.00
# Visual Studio Version 16
VisualStudioVersion = 16.0.29905.134
MinimumVisualStudioVersion = 10.0.40219.1
Project("{9A19103F-16F7-4668-BE54-9A1E7A4F7556}") = "NotificationService", "NotificationService\NotificationService.csproj", "{085F56FC-E964-44F6-B252-AA6FD6F513F5}"
EndProject
Project("{9A19103F-16F7-4668-BE54-9A1E7A4F7556}") = "NotificationService.BusinessLibrary", "NotificationService.BusinessLibrary\NotificationService.BusinessLibrary.csproj", "{39957222-CCE9-44AE-A4C7-7C58BB6F16EA}"
EndProject
Project("{9A19103F-16F7-4668-BE54-9A1E7A4F7556}") = "NotificationService.Contracts", "NotificationService.Contracts\NotificationService.Contracts.csproj", "{96EB73E5-0920-49A5-B686-E6EEFA0FFAB3}"
EndProject
Project("{9A19103F-16F7-4668-BE54-9A1E7A4F7556}") = "NotificationService.Data", "NotificationService.Data\NotificationService.Data.csproj", "{53D83C69-3D79-4ADC-88CA-794CBE563ACD}"
EndProject
Project("{9A19103F-16F7-4668-BE54-9A1E7A4F7556}") = "NotificationService.Common", "NotificationService.Common\NotificationService.Common.csproj", "{DDD90353-7A22-4E0E-A09B-33791B872D91}"
EndProject
Project("{2150E333-8FDC-42A3-9474-1A3956D46DE8}") = "Solution Items", "Solution Items", "{A9FA60A7-EF34-40A2-B76D-8FC19BFF968B}"
	ProjectSection(SolutionItems) = preProject
		CodeCoverage.runsettings = CodeCoverage.runsettings
		Local.testsettings = Local.testsettings
		stylecop.json = stylecop.json
	EndProjectSection
EndProject
Project("{9A19103F-16F7-4668-BE54-9A1E7A4F7556}") = "NotificationService.UnitTests", "NotificationService.UnitTests\NotificationService.UnitTests.csproj", "{26F530EB-C24D-4DF0-8636-377E0F5F9090}"
	ProjectSection(ProjectDependencies) = postProject
		{DDD90353-7A22-4E0E-A09B-33791B872D91} = {DDD90353-7A22-4E0E-A09B-33791B872D91}
	EndProjectSection
EndProject
Project("{FAE04EC0-301F-11D3-BF4B-00C04F79EFBC}") = "NotificationService.LoadTests", "NotificationService.LoadTests\NotificationService.LoadTests.csproj", "{1698099C-7635-4E8F-8803-E44B223835C5}"
EndProject
Project("{9A19103F-16F7-4668-BE54-9A1E7A4F7556}") = "NotificationHandler", "NotificationHandler\NotificationHandler.csproj", "{58466533-3756-4AB8-968E-5088AEB0EE47}"
EndProject
Project("{9A19103F-16F7-4668-BE54-9A1E7A4F7556}") = "NotificationService.SvCommon", "NotificationService.SvCommon\NotificationService.SvCommon.csproj", "{4857E8E0-B31E-47E5-A8FC-F08FD3849F19}"
EndProject
Project("{9A19103F-16F7-4668-BE54-9A1E7A4F7556}") = "WebNotifications", "WebNotifications\WebNotifications.csproj", "{F3C067EE-7901-4842-88F9-B01BDA536D39}"
EndProject
Project("{9A19103F-16F7-4668-BE54-9A1E7A4F7556}") = "NotificationsQueueProcessor", "NotificationsQueueProcessor\NotificationsQueueProcessor.csproj", "{5E4A0D1A-14FC-4717-AD23-899E39191467}"
EndProject
Project("{2150E333-8FDC-42A3-9474-1A3956D46DE8}") = "NotificationProviders", "NotificationProviders", "{2B82BA20-E61B-48C9-AC79-8881A8C6791C}"
	ProjectSection(SolutionItems) = preProject
		NotificationProviders\DirectSend.NetFramework\DirectSend.NetFramework.csproj = NotificationProviders\DirectSend.NetFramework\DirectSend.NetFramework.csproj
	EndProjectSection
EndProject
Project("{2150E333-8FDC-42A3-9474-1A3956D46DE8}") = "Tests", "Tests", "{EA5B17E4-9DA9-460D-B70D-1CA68F386F13}"
EndProject
Project("{9A19103F-16F7-4668-BE54-9A1E7A4F7556}") = "DirectSend.NetCore", "NotificationProviders\DirectSend.Core\DirectSend.NetCore.csproj", "{D7518BF7-C321-4A9E-855F-D1BB3EC82F8C}"
EndProject
Project("{D954291E-2A0B-460D-934E-DC6B0785DB48}") = "DirectSend.Shared", "NotificationProviders\DirectSend.Shared\DirectSend.Shared.shproj", "{63DD255D-4C9F-4EA7-9F3B-5F7B32657058}"
EndProject
Project("{9A19103F-16F7-4668-BE54-9A1E7A4F7556}") = "DirectSend.UnitTests", "NotificationProviders\DirectSend.Tests\DirectSend.UnitTests.csproj", "{9017774A-0C22-41A2-9E47-4677746942F8}"
EndProject
Project("{151D2E53-A2C4-4D7D-83FE-D05416EBD58E}") = "NotificationService.IaaC", "NotificationService.IaaC\NotificationService.IaaC.deployproj", "{E15E4C46-C557-4D3C-A69D-04C0E73CB84B}"
EndProject
Project("{FAE04EC0-301F-11D3-BF4B-00C04F79EFBC}") = "NotificationService.FunctionalTests", "NotificationService.FunctionalTests\NotificationService.FunctionalTests.csproj", "{7159519C-758B-4E95-B4E0-0DB8F1641162}"
EndProject
Global
	GlobalSection(SharedMSBuildProjectFiles) = preSolution
		NotificationProviders\DirectSend.Shared\DirectSend.Shared.projitems*{63dd255d-4c9f-4ea7-9f3b-5f7b32657058}*SharedItemsImports = 13
		NotificationProviders\DirectSend.Shared\DirectSend.Shared.projitems*{9017774a-0c22-41a2-9e47-4677746942f8}*SharedItemsImports = 5
		NotificationProviders\DirectSend.Shared\DirectSend.Shared.projitems*{d7518bf7-c321-4a9e-855f-d1bb3ec82f8c}*SharedItemsImports = 5
	EndGlobalSection
	GlobalSection(SolutionConfigurationPlatforms) = preSolution
		Debug|Any CPU = Debug|Any CPU
		Release|Any CPU = Release|Any CPU
	EndGlobalSection
	GlobalSection(ProjectConfigurationPlatforms) = postSolution
		{085F56FC-E964-44F6-B252-AA6FD6F513F5}.Debug|Any CPU.ActiveCfg = Debug|Any CPU
		{085F56FC-E964-44F6-B252-AA6FD6F513F5}.Debug|Any CPU.Build.0 = Debug|Any CPU
		{085F56FC-E964-44F6-B252-AA6FD6F513F5}.Release|Any CPU.ActiveCfg = Release|Any CPU
		{085F56FC-E964-44F6-B252-AA6FD6F513F5}.Release|Any CPU.Build.0 = Release|Any CPU
		{39957222-CCE9-44AE-A4C7-7C58BB6F16EA}.Debug|Any CPU.ActiveCfg = Debug|Any CPU
		{39957222-CCE9-44AE-A4C7-7C58BB6F16EA}.Debug|Any CPU.Build.0 = Debug|Any CPU
		{39957222-CCE9-44AE-A4C7-7C58BB6F16EA}.Release|Any CPU.ActiveCfg = Release|Any CPU
		{39957222-CCE9-44AE-A4C7-7C58BB6F16EA}.Release|Any CPU.Build.0 = Release|Any CPU
		{96EB73E5-0920-49A5-B686-E6EEFA0FFAB3}.Debug|Any CPU.ActiveCfg = Debug|Any CPU
		{96EB73E5-0920-49A5-B686-E6EEFA0FFAB3}.Debug|Any CPU.Build.0 = Debug|Any CPU
		{96EB73E5-0920-49A5-B686-E6EEFA0FFAB3}.Release|Any CPU.ActiveCfg = Release|Any CPU
		{96EB73E5-0920-49A5-B686-E6EEFA0FFAB3}.Release|Any CPU.Build.0 = Release|Any CPU
		{53D83C69-3D79-4ADC-88CA-794CBE563ACD}.Debug|Any CPU.ActiveCfg = Debug|Any CPU
		{53D83C69-3D79-4ADC-88CA-794CBE563ACD}.Debug|Any CPU.Build.0 = Debug|Any CPU
		{53D83C69-3D79-4ADC-88CA-794CBE563ACD}.Release|Any CPU.ActiveCfg = Release|Any CPU
		{53D83C69-3D79-4ADC-88CA-794CBE563ACD}.Release|Any CPU.Build.0 = Release|Any CPU
		{DDD90353-7A22-4E0E-A09B-33791B872D91}.Debug|Any CPU.ActiveCfg = Debug|Any CPU
		{DDD90353-7A22-4E0E-A09B-33791B872D91}.Debug|Any CPU.Build.0 = Debug|Any CPU
		{DDD90353-7A22-4E0E-A09B-33791B872D91}.Release|Any CPU.ActiveCfg = Release|Any CPU
		{DDD90353-7A22-4E0E-A09B-33791B872D91}.Release|Any CPU.Build.0 = Release|Any CPU
		{26F530EB-C24D-4DF0-8636-377E0F5F9090}.Debug|Any CPU.ActiveCfg = Debug|Any CPU
		{26F530EB-C24D-4DF0-8636-377E0F5F9090}.Debug|Any CPU.Build.0 = Debug|Any CPU
		{26F530EB-C24D-4DF0-8636-377E0F5F9090}.Release|Any CPU.ActiveCfg = Release|Any CPU
		{26F530EB-C24D-4DF0-8636-377E0F5F9090}.Release|Any CPU.Build.0 = Release|Any CPU
		{1698099C-7635-4E8F-8803-E44B223835C5}.Debug|Any CPU.ActiveCfg = Debug|Any CPU
		{1698099C-7635-4E8F-8803-E44B223835C5}.Debug|Any CPU.Build.0 = Debug|Any CPU
		{1698099C-7635-4E8F-8803-E44B223835C5}.Release|Any CPU.ActiveCfg = Release|Any CPU
		{1698099C-7635-4E8F-8803-E44B223835C5}.Release|Any CPU.Build.0 = Release|Any CPU
		{58466533-3756-4AB8-968E-5088AEB0EE47}.Debug|Any CPU.ActiveCfg = Debug|Any CPU
		{58466533-3756-4AB8-968E-5088AEB0EE47}.Debug|Any CPU.Build.0 = Debug|Any CPU
		{58466533-3756-4AB8-968E-5088AEB0EE47}.Release|Any CPU.ActiveCfg = Release|Any CPU
		{58466533-3756-4AB8-968E-5088AEB0EE47}.Release|Any CPU.Build.0 = Release|Any CPU
		{4857E8E0-B31E-47E5-A8FC-F08FD3849F19}.Debug|Any CPU.ActiveCfg = Debug|Any CPU
		{4857E8E0-B31E-47E5-A8FC-F08FD3849F19}.Debug|Any CPU.Build.0 = Debug|Any CPU
		{4857E8E0-B31E-47E5-A8FC-F08FD3849F19}.Release|Any CPU.ActiveCfg = Release|Any CPU
		{4857E8E0-B31E-47E5-A8FC-F08FD3849F19}.Release|Any CPU.Build.0 = Release|Any CPU
		{F3C067EE-7901-4842-88F9-B01BDA536D39}.Debug|Any CPU.ActiveCfg = Debug|Any CPU
		{F3C067EE-7901-4842-88F9-B01BDA536D39}.Debug|Any CPU.Build.0 = Debug|Any CPU
		{F3C067EE-7901-4842-88F9-B01BDA536D39}.Release|Any CPU.ActiveCfg = Release|Any CPU
		{F3C067EE-7901-4842-88F9-B01BDA536D39}.Release|Any CPU.Build.0 = Release|Any CPU
		{5E4A0D1A-14FC-4717-AD23-899E39191467}.Debug|Any CPU.ActiveCfg = Debug|Any CPU
		{5E4A0D1A-14FC-4717-AD23-899E39191467}.Debug|Any CPU.Build.0 = Debug|Any CPU
		{5E4A0D1A-14FC-4717-AD23-899E39191467}.Release|Any CPU.ActiveCfg = Release|Any CPU
		{5E4A0D1A-14FC-4717-AD23-899E39191467}.Release|Any CPU.Build.0 = Release|Any CPU
		{D7518BF7-C321-4A9E-855F-D1BB3EC82F8C}.Debug|Any CPU.ActiveCfg = Debug|Any CPU
		{D7518BF7-C321-4A9E-855F-D1BB3EC82F8C}.Debug|Any CPU.Build.0 = Debug|Any CPU
		{D7518BF7-C321-4A9E-855F-D1BB3EC82F8C}.Release|Any CPU.ActiveCfg = Release|Any CPU
		{D7518BF7-C321-4A9E-855F-D1BB3EC82F8C}.Release|Any CPU.Build.0 = Release|Any CPU
		{9017774A-0C22-41A2-9E47-4677746942F8}.Debug|Any CPU.ActiveCfg = Debug|Any CPU
		{9017774A-0C22-41A2-9E47-4677746942F8}.Debug|Any CPU.Build.0 = Debug|Any CPU
		{9017774A-0C22-41A2-9E47-4677746942F8}.Release|Any CPU.ActiveCfg = Release|Any CPU
		{9017774A-0C22-41A2-9E47-4677746942F8}.Release|Any CPU.Build.0 = Release|Any CPU
		{E15E4C46-C557-4D3C-A69D-04C0E73CB84B}.Debug|Any CPU.ActiveCfg = Debug|Any CPU
		{E15E4C46-C557-4D3C-A69D-04C0E73CB84B}.Debug|Any CPU.Build.0 = Debug|Any CPU
		{E15E4C46-C557-4D3C-A69D-04C0E73CB84B}.Release|Any CPU.ActiveCfg = Release|Any CPU
		{E15E4C46-C557-4D3C-A69D-04C0E73CB84B}.Release|Any CPU.Build.0 = Release|Any CPU
		{7159519C-758B-4E95-B4E0-0DB8F1641162}.Debug|Any CPU.ActiveCfg = Debug|Any CPU
		{7159519C-758B-4E95-B4E0-0DB8F1641162}.Debug|Any CPU.Build.0 = Debug|Any CPU
		{7159519C-758B-4E95-B4E0-0DB8F1641162}.Release|Any CPU.ActiveCfg = Release|Any CPU
		{7159519C-758B-4E95-B4E0-0DB8F1641162}.Release|Any CPU.Build.0 = Release|Any CPU
	EndGlobalSection
	GlobalSection(SolutionProperties) = preSolution
		HideSolutionNode = FALSE
	EndGlobalSection
	GlobalSection(NestedProjects) = preSolution
		{EA5B17E4-9DA9-460D-B70D-1CA68F386F13} = {2B82BA20-E61B-48C9-AC79-8881A8C6791C}
		{D7518BF7-C321-4A9E-855F-D1BB3EC82F8C} = {2B82BA20-E61B-48C9-AC79-8881A8C6791C}
		{63DD255D-4C9F-4EA7-9F3B-5F7B32657058} = {2B82BA20-E61B-48C9-AC79-8881A8C6791C}
		{9017774A-0C22-41A2-9E47-4677746942F8} = {EA5B17E4-9DA9-460D-B70D-1CA68F386F13}
	EndGlobalSection
	GlobalSection(ExtensibilityGlobals) = postSolution
		SolutionGuid = {EB791A4E-C651-4F37-8BAB-9035CC67E359}
	EndGlobalSection
EndGlobal
